DEPENDENCIES
  gusztavvargadr_docker
    path: ../../../../../lib/gusztavvargadr/infrastructure/src/components/docker/chef/core
  gusztavvargadr_iis
    path: ../../../../../lib/gusztavvargadr/infrastructure/src/components/iis/chef/cookbooks/gusztavvargadr_iis
  gusztavvargadr_packer_amazon_ebs
    path: ../../../../../src/w/chef/cookbooks/gusztavvargadr_packer_amazon_ebs
  gusztavvargadr_packer_dc
    path: ../../../../../src/dc/chef/cookbooks/gusztavvargadr_packer_dc
  gusztavvargadr_packer_de
    path: ../../../../../src/de/chef/cookbooks/gusztavvargadr_packer_de
  gusztavvargadr_packer_hyperv_iso
    path: ../../../../../src/w/chef/cookbooks/gusztavvargadr_packer_hyperv_iso
  gusztavvargadr_packer_hyperv_vmcx
    path: ../../../../../src/w/chef/cookbooks/gusztavvargadr_packer_hyperv_vmcx
  gusztavvargadr_packer_iis
    path: ../../../../../src/iis/chef/cookbooks/gusztavvargadr_packer_iis
  gusztavvargadr_packer_sql14d
    path: ../../../../../src/sql14d/chef/cookbooks/gusztavvargadr_packer_sql14d
  gusztavvargadr_packer_sql17d
    path: ../../../../../src/sql17d/chef/cookbooks/gusztavvargadr_packer_sql17d
  gusztavvargadr_packer_virtualbox_iso
    path: ../../../../../src/w/chef/cookbooks/gusztavvargadr_packer_virtualbox_iso
  gusztavvargadr_packer_virtualbox_ovf
    path: ../../../../../src/w/chef/cookbooks/gusztavvargadr_packer_virtualbox_ovf
  gusztavvargadr_packer_vs17c
    path: ../../../../../src/vs17c/chef/cookbooks/gusztavvargadr_packer_vs17c
  gusztavvargadr_packer_w
    path: ../../../../../src/w/chef/cookbooks/gusztavvargadr_packer_w
  gusztavvargadr_packer_w10e
    path: ../../../../../src/w10e/chef/cookbooks/gusztavvargadr_packer_w10e
  gusztavvargadr_packer_w16s
    path: ../../../../../src/w16s/chef/cookbooks/gusztavvargadr_packer_w16s
  gusztavvargadr_packer_w16sc
    path: ../../../../../src/w16sc/chef/cookbooks/gusztavvargadr_packer_w16sc
  gusztavvargadr_sql
    path: ../../../../../lib/gusztavvargadr/infrastructure/src/components/sql/chef/cookbooks/gusztavvargadr_sql
  gusztavvargadr_virtualbox
    path: ../../../../../lib/gusztavvargadr/infrastructure/src/components/virtualbox/chef/cookbooks/gusztavvargadr_virtualbox
  gusztavvargadr_vs
    path: ../../../../../lib/gusztavvargadr/infrastructure/src/components/vs/chef/cookbooks/gusztavvargadr_vs
  gusztavvargadr_windows
    path: ../../../../../lib/gusztavvargadr/infrastructure/src/components/windows/chef/cookbooks/gusztavvargadr_windows

GRAPH
  gusztavvargadr_docker (0.0.0)
    gusztavvargadr_windows (>= 0.0.0)
  gusztavvargadr_iis (0.0.0)
    gusztavvargadr_windows (>= 0.0.0)
  gusztavvargadr_packer_amazon_ebs (0.0.0)
  gusztavvargadr_packer_dc (0.0.0)
    gusztavvargadr_docker (>= 0.0.0)
    gusztavvargadr_packer_w (>= 0.0.0)
  gusztavvargadr_packer_de (0.0.0)
    gusztavvargadr_docker (>= 0.0.0)
    gusztavvargadr_packer_w (>= 0.0.0)
    gusztavvargadr_windows (>= 0.0.0)
  gusztavvargadr_packer_hyperv_iso (0.0.0)
  gusztavvargadr_packer_hyperv_vmcx (0.0.0)
  gusztavvargadr_packer_iis (0.0.0)
    gusztavvargadr_iis (>= 0.0.0)
    gusztavvargadr_packer_w (>= 0.0.0)
    gusztavvargadr_windows (>= 0.0.0)
  gusztavvargadr_packer_sql14d (0.0.0)
    gusztavvargadr_packer_w (>= 0.0.0)
    gusztavvargadr_sql (>= 0.0.0)
    gusztavvargadr_windows (>= 0.0.0)
  gusztavvargadr_packer_sql17d (0.0.0)
    gusztavvargadr_packer_w (>= 0.0.0)
    gusztavvargadr_sql (>= 0.0.0)
    gusztavvargadr_windows (>= 0.0.0)
  gusztavvargadr_packer_virtualbox_iso (0.0.0)
    gusztavvargadr_virtualbox (>= 0.0.0)
  gusztavvargadr_packer_virtualbox_ovf (0.0.0)
    gusztavvargadr_virtualbox (>= 0.0.0)
  gusztavvargadr_packer_vs17c (0.0.0)
    gusztavvargadr_packer_w (>= 0.0.0)
    gusztavvargadr_vs (>= 0.0.0)
    gusztavvargadr_windows (>= 0.0.0)
  gusztavvargadr_packer_w (0.0.0)
    gusztavvargadr_windows (>= 0.0.0)
  gusztavvargadr_packer_w10e (0.0.0)
    gusztavvargadr_packer_w (>= 0.0.0)
  gusztavvargadr_packer_w16s (0.0.0)
    gusztavvargadr_packer_w (>= 0.0.0)
  gusztavvargadr_packer_w16sc (0.0.0)
    gusztavvargadr_packer_w (>= 0.0.0)
  gusztavvargadr_sql (0.0.0)
    gusztavvargadr_windows (>= 0.0.0)
  gusztavvargadr_virtualbox (0.0.0)
    gusztavvargadr_windows (>= 0.0.0)
  gusztavvargadr_vs (0.0.0)
    gusztavvargadr_windows (>= 0.0.0)
  gusztavvargadr_windows (0.0.0)
    windows (~> 3.1.1)
  ohai (5.2.2)
  windows (3.1.3)
    ohai (>= 4.0.0)
